
Microsoft Visual Studio Solution File, Format Version 12.00
# Visual Studio Version 16
VisualStudioVersion = 16.0.30621.155
MinimumVisualStudioVersion = 10.0.40219.1
Project("{8BC9CEB8-8B4A-11D0-8D11-00A0C91BC942}") = "HelloWord", "HelloWord\HelloWord.vcxproj", "{DB20F10D-B25A-4828-B770-27559977F549}"
EndProject
Global
	GlobalSection(SolutionConfigurationPlatforms) = preSolution
		Debug|x64 = Debug|x64
		Debug|x86 = Debug|x86
		Release|x64 = Release|x64
		Release|x86 = Release|x86
	EndGlobalSection
	GlobalSection(ProjectConfigurationPlatforms) = postSolution
		{DB20F10D-B25A-4828-B770-27559977F549}.Debug|x64.ActiveCfg = Debug|x64
		{DB20F10D-B25A-4828-B770-27559977F549}.Debug|x64.Build.0 = Debug|x64
		{DB20F10D-B25A-4828-B770-27559977F549}.Debug|x86.ActiveCfg = Debug|Win32
		{DB20F10D-B25A-4828-B770-27559977F549}.Debug|x86.Build.0 = Debug|Win32
		{DB20F10D-B25A-4828-B770-27559977F549}.Release|x64.ActiveCfg = Release|x64
		{DB20F10D-B25A-4828-B770-27559977F549}.Release|x64.Build.0 = Release|x64
		{DB20F10D-B25A-4828-B770-27559977F549}.Release|x86.ActiveCfg = Release|Win32
		{DB20F10D-B25A-4828-B770-27559977F549}.Release|x86.Build.0 = Release|Win32
	EndGlobalSection
	GlobalSection(SolutionProperties) = preSolution
		HideSolutionNode = FALSE
	EndGlobalSection
	GlobalSection(ExtensibilityGlobals) = postSolution
		SolutionGuid = {23849A5D-38F1-4EFA-AEE6-6DA2B27C36D4}
	EndGlobalSection
EndGlobal
